
Microsoft Visual Studio Solution File, Format Version 12.00
# Visual Studio Version 17
VisualStudioVersion = 17.1.32328.378
MinimumVisualStudioVersion = 10.0.40219.1
Project("{9A19103F-16F7-4668-BE54-9A1E7A4F7556}") = "core10-swapi", "core10-swapi\core10-swapi.csproj", "{8A7D2E46-1530-4F30-9DA3-029CECDABD6E}"
EndProject
Project("{FAE04EC0-301F-11D3-BF4B-00C04F79EFBC}") = "core10_swapi_test", "core10_swapi_test\core10_swapi_test.csproj", "{91EFFAD2-F0FF-4B0D-9623-86511FB69E53}"
EndProject
Global
	GlobalSection(SolutionConfigurationPlatforms) = preSolution
		Debug|Any CPU = Debug|Any CPU
		Release|Any CPU = Release|Any CPU
	EndGlobalSection
	GlobalSection(ProjectConfigurationPlatforms) = postSolution
		{8A7D2E46-1530-4F30-9DA3-029CECDABD6E}.Debug|Any CPU.ActiveCfg = Debug|Any CPU
		{8A7D2E46-1530-4F30-9DA3-029CECDABD6E}.Debug|Any CPU.Build.0 = Debug|Any CPU
		{8A7D2E46-1530-4F30-9DA3-029CECDABD6E}.Release|Any CPU.ActiveCfg = Release|Any CPU
		{8A7D2E46-1530-4F30-9DA3-029CECDABD6E}.Release|Any CPU.Build.0 = Release|Any CPU
		{91EFFAD2-F0FF-4B0D-9623-86511FB69E53}.Debug|Any CPU.ActiveCfg = Debug|Any CPU
		{91EFFAD2-F0FF-4B0D-9623-86511FB69E53}.Debug|Any CPU.Build.0 = Debug|Any CPU
		{91EFFAD2-F0FF-4B0D-9623-86511FB69E53}.Release|Any CPU.ActiveCfg = Release|Any CPU
		{91EFFAD2-F0FF-4B0D-9623-86511FB69E53}.Release|Any CPU.Build.0 = Release|Any CPU
	EndGlobalSection
	GlobalSection(SolutionProperties) = preSolution
		HideSolutionNode = FALSE
	EndGlobalSection
	GlobalSection(ExtensibilityGlobals) = postSolution
		SolutionGuid = {D1C9104C-B1F0-49AA-8218-06594721D90B}
	EndGlobalSection
EndGlobal
